
Microsoft Visual Studio Solution File, Format Version 12.00
# Visual Studio Version 18
VisualStudioVersion = 18.4.11626.88
MinimumVisualStudioVersion = 10.0.40219.1
Project("{FAE04EC0-301F-11D3-BF4B-00C04F79EFBC}") = "spotify", "guia de programacion\spotify.csproj", "{B4B149F1-8853-4D38-90A7-5093F2968129}"
EndProject
Global
	GlobalSection(SolutionConfigurationPlatforms) = preSolution
		Debug|Any CPU = Debug|Any CPU
		Release|Any CPU = Release|Any CPU
	EndGlobalSection
	GlobalSection(ProjectConfigurationPlatforms) = postSolution
		{B4B149F1-8853-4D38-90A7-5093F2968129}.Debug|Any CPU.ActiveCfg = Debug|Any CPU
		{B4B149F1-8853-4D38-90A7-5093F2968129}.Debug|Any CPU.Build.0 = Debug|Any CPU
		{B4B149F1-8853-4D38-90A7-5093F2968129}.Release|Any CPU.ActiveCfg = Release|Any CPU
		{B4B149F1-8853-4D38-90A7-5093F2968129}.Release|Any CPU.Build.0 = Release|Any CPU
	EndGlobalSection
	GlobalSection(SolutionProperties) = preSolution
		HideSolutionNode = FALSE
	EndGlobalSection
	GlobalSection(ExtensibilityGlobals) = postSolution
		SolutionGuid = {6B7A8AA0-55E7-4FEF-AF48-95E97C5DE7BA}
	EndGlobalSection
EndGlobal
